// !$*UTF8*$!
{
	archiveVersion = 1;
	classes = {
	};
	objectVersion = 46;
	objects = {

/* Begin PBXBuildFile section */
		F249EF4A16E4EC00007DB593 /* GravatarHelper.m in Sources */ = {isa = PBXBuildFile; fileRef = F249EF4916E4EC00007DB593 /* GravatarHelper.m */; };
		F2A3C2E816F359D800DA56EF /* FitsbyCreditCardViewController.m in Sources */ = {isa = PBXBuildFile; fileRef = F2A3C2E716F359D800DA56EF /* FitsbyCreditCardViewController.m */; };
		F2A3C2EC16F6143200DA56EF /* logo_text.png in Resources */ = {isa = PBXBuildFile; fileRef = F2A3C2EB16F6143200DA56EF /* logo_text.png */; };
		F2A3C2EE16F61C0D00DA56EF /* registration_onboard1.png in Resources */ = {isa = PBXBuildFile; fileRef = F2A3C2ED16F61C0D00DA56EF /* registration_onboard1.png */; };
		F2A3C2F016F61C1300DA56EF /* registration_onboard2.png in Resources */ = {isa = PBXBuildFile; fileRef = F2A3C2EF16F61C1300DA56EF /* registration_onboard2.png */; };
		F2A3C2F216F61C1900DA56EF /* registration_onboard3.png in Resources */ = {isa = PBXBuildFile; fileRef = F2A3C2F116F61C1900DA56EF /* registration_onboard3.png */; };
		F2A3C2F416F61C1E00DA56EF /* registration_onboard4.png in Resources */ = {isa = PBXBuildFile; fileRef = F2A3C2F316F61C1E00DA56EF /* registration_onboard4.png */; };
		F2A3C2F616F61C2600DA56EF /* registration_onboard5.png in Resources */ = {isa = PBXBuildFile; fileRef = F2A3C2F516F61C2600DA56EF /* registration_onboard5.png */; };
		F2A3C2F916F61CD000DA56EF /* FitsbyRegistrationOnboardViewController.m in Sources */ = {isa = PBXBuildFile; fileRef = F2A3C2F816F61CD000DA56EF /* FitsbyRegistrationOnboardViewController.m */; };
		F2A3C30E16F8AB4E00DA56EF /* FitsbyChildViewController.m in Sources */ = {isa = PBXBuildFile; fileRef = F2A3C30C16F8AB4D00DA56EF /* FitsbyChildViewController.m */; };
		F2A3C30F16F8AB4E00DA56EF /* FitsbyChildViewController.xib in Resources */ = {isa = PBXBuildFile; fileRef = F2A3C30D16F8AB4E00DA56EF /* FitsbyChildViewController.xib */; };
		F2A3C36F16FC9F4900DA56EF /* lock.png in Resources */ = {isa = PBXBuildFile; fileRef = F2A3C36E16FC9F4900DA56EF /* lock.png */; };
		F2A3C37116FC9F5400DA56EF /* stripe_cards.png in Resources */ = {isa = PBXBuildFile; fileRef = F2A3C37016FC9F5400DA56EF /* stripe_cards.png */; };
		F2A3C37316FC9F6100DA56EF /* secure_payment_logo.png in Resources */ = {isa = PBXBuildFile; fileRef = F2A3C37216FC9F6100DA56EF /* secure_payment_logo.png */; };
		F2A3C37917032F7500DA56EF /* FitsbyPrivateGameViewController.m in Sources */ = {isa = PBXBuildFile; fileRef = F2A3C37817032F7500DA56EF /* FitsbyPrivateGameViewController.m */; };
		F2A3C37C170334AD00DA56EF /* PrivateGameResponse.m in Sources */ = {isa = PBXBuildFile; fileRef = F2A3C37B170334AD00DA56EF /* PrivateGameResponse.m */; };
		F2BA493516ED051200591B49 /* FitsbyDetailContainerViewController.m in Sources */ = {isa = PBXBuildFile; fileRef = F2BA493416ED051200591B49 /* FitsbyDetailContainerViewController.m */; };
		F2BA493816EE4E8B00591B49 /* FitsbyCreateGameViewController.m in Sources */ = {isa = PBXBuildFile; fileRef = F2BA493716EE4E8B00591B49 /* FitsbyCreateGameViewController.m */; };
		F2BA493B16F0C23D00591B49 /* CreateGameResponse.m in Sources */ = {isa = PBXBuildFile; fileRef = F2BA493A16F0C23D00591B49 /* CreateGameResponse.m */; };
		F2C0000116DAB5A600F869BB /* MyHttpClient.m in Sources */ = {isa = PBXBuildFile; fileRef = F2C0000016DAB5A600F869BB /* MyHttpClient.m */; };
		F2C0000416DAF1CD00F869BB /* UserCommunication.m in Sources */ = {isa = PBXBuildFile; fileRef = F2C0000316DAF1CD00F869BB /* UserCommunication.m */; };
		F2C0000816DDA18800F869BB /* User.m in Sources */ = {isa = PBXBuildFile; fileRef = F2C0000716DDA18800F869BB /* User.m */; };
		F2C0000C16DDB7B700F869BB /* UserApplication.m in Sources */ = {isa = PBXBuildFile; fileRef = F2C0000B16DDB7B700F869BB /* UserApplication.m */; };
		F2C0FFA116D474F700F869BB /* UIKit.framework in Frameworks */ = {isa = PBXBuildFile; fileRef = F2C0FFA016D474F700F869BB /* UIKit.framework */; };
		F2C0FFA316D474F700F869BB /* Foundation.framework in Frameworks */ = {isa = PBXBuildFile; fileRef = F2C0FFA216D474F700F869BB /* Foundation.framework */; };
		F2C0FFA516D474F700F869BB /* CoreGraphics.framework in Frameworks */ = {isa = PBXBuildFile; fileRef = F2C0FFA416D474F700F869BB /* CoreGraphics.framework */; };
		F2C0FFAB16D474F700F869BB /* InfoPlist.strings in Resources */ = {isa = PBXBuildFile; fileRef = F2C0FFA916D474F700F869BB /* InfoPlist.strings */; };
		F2C0FFAD16D474F700F869BB /* main.m in Sources */ = {isa = PBXBuildFile; fileRef = F2C0FFAC16D474F700F869BB /* main.m */; };
		F2C0FFB116D474F700F869BB /* FitsbyAppDelegate.m in Sources */ = {isa = PBXBuildFile; fileRef = F2C0FFB016D474F700F869BB /* FitsbyAppDelegate.m */; };
		F2C0FFB316D474F700F869BB /* Default.png in Resources */ = {isa = PBXBuildFile; fileRef = F2C0FFB216D474F700F869BB /* Default.png */; };
		F2C0FFB516D474F700F869BB /* Default@2x.png in Resources */ = {isa = PBXBuildFile; fileRef = F2C0FFB416D474F700F869BB /* Default@2x.png */; };
		F2C0FFB716D474F700F869BB /* Default-568h@2x.png in Resources */ = {isa = PBXBuildFile; fileRef = F2C0FFB616D474F700F869BB /* Default-568h@2x.png */; };
		F2C0FFBA16D474F700F869BB /* MainStoryboard.storyboard in Resources */ = {isa = PBXBuildFile; fileRef = F2C0FFB816D474F700F869BB /* MainStoryboard.storyboard */; };
		F2C0FFBD16D474F700F869BB /* FitsbyMasterViewController.m in Sources */ = {isa = PBXBuildFile; fileRef = F2C0FFBC16D474F700F869BB /* FitsbyMasterViewController.m */; };
		F2C0FFC016D474F700F869BB /* FitsbyDetailViewController.m in Sources */ = {isa = PBXBuildFile; fileRef = F2C0FFBF16D474F700F869BB /* FitsbyDetailViewController.m */; };
		F2C0FFF116D476FA00F869BB /* LandingViewController.m in Sources */ = {isa = PBXBuildFile; fileRef = F2C0FFF016D476FA00F869BB /* LandingViewController.m */; };
		F2C0FFFA16D7237000F869BB /* FitsbyLoginViewController.m in Sources */ = {isa = PBXBuildFile; fileRef = F2C0FFF916D7237000F869BB /* FitsbyLoginViewController.m */; };
		F2C0FFFD16DAAA0800F869BB /* FitsbyRegisterViewController.m in Sources */ = {isa = PBXBuildFile; fileRef = F2C0FFFC16DAAA0800F869BB /* FitsbyRegisterViewController.m */; };
		F2EA227C16DFA9A700B8918E /* StatusResponse.m in Sources */ = {isa = PBXBuildFile; fileRef = F2EA227B16DFA9A700B8918E /* StatusResponse.m */; };
		F2EA227F16E0F54000B8918E /* UserResponse.m in Sources */ = {isa = PBXBuildFile; fileRef = F2EA227E16E0F54000B8918E /* UserResponse.m */; };
		F2EA228616E2891A00B8918E /* JoinPublicGameCell.m in Sources */ = {isa = PBXBuildFile; fileRef = F2EA228516E2891A00B8918E /* JoinPublicGameCell.m */; };
		F2EA228916E28FFE00B8918E /* Game.m in Sources */ = {isa = PBXBuildFile; fileRef = F2EA228816E28FFE00B8918E /* Game.m */; };
		F2EA228C16E2922200B8918E /* GameCommunication.m in Sources */ = {isa = PBXBuildFile; fileRef = F2EA228B16E2922200B8918E /* GameCommunication.m */; };
		F2EA229216E293AE00B8918E /* PublicGamesResponse.m in Sources */ = {isa = PBXBuildFile; fileRef = F2EA229116E293AE00B8918E /* PublicGamesResponse.m */; };
/* End PBXBuildFile section */

/* Begin PBXFileReference section */
		F249EF4816E4EC00007DB593 /* GravatarHelper.h */ = {isa = PBXFileReference; fileEncoding = 4; lastKnownFileType = sourcecode.c.h; path = GravatarHelper.h; sourceTree = "<group>"; };
		F249EF4916E4EC00007DB593 /* GravatarHelper.m */ = {isa = PBXFileReference; fileEncoding = 4; lastKnownFileType = sourcecode.c.objc; path = GravatarHelper.m; sourceTree = "<group>"; };
		F2A3C2E616F359D800DA56EF /* FitsbyCreditCardViewController.h */ = {isa = PBXFileReference; fileEncoding = 4; lastKnownFileType = sourcecode.c.h; path = FitsbyCreditCardViewController.h; sourceTree = "<group>"; };
		F2A3C2E716F359D800DA56EF /* FitsbyCreditCardViewController.m */ = {isa = PBXFileReference; fileEncoding = 4; lastKnownFileType = sourcecode.c.objc; path = FitsbyCreditCardViewController.m; sourceTree = "<group>"; };
		F2A3C2EB16F6143200DA56EF /* logo_text.png */ = {isa = PBXFileReference; lastKnownFileType = image.png; path = logo_text.png; sourceTree = "<group>"; };
		F2A3C2ED16F61C0D00DA56EF /* registration_onboard1.png */ = {isa = PBXFileReference; lastKnownFileType = image.png; path = registration_onboard1.png; sourceTree = "<group>"; };
		F2A3C2EF16F61C1300DA56EF /* registration_onboard2.png */ = {isa = PBXFileReference; lastKnownFileType = image.png; path = registration_onboard2.png; sourceTree = "<group>"; };
		F2A3C2F116F61C1900DA56EF /* registration_onboard3.png */ = {isa = PBXFileReference; lastKnownFileType = image.png; path = registration_onboard3.png; sourceTree = "<group>"; };
		F2A3C2F316F61C1E00DA56EF /* registration_onboard4.png */ = {isa = PBXFileReference; lastKnownFileType = image.png; path = registration_onboard4.png; sourceTree = "<group>"; };
		F2A3C2F516F61C2600DA56EF /* registration_onboard5.png */ = {isa = PBXFileReference; lastKnownFileType = image.png; path = registration_onboard5.png; sourceTree = "<group>"; };
		F2A3C2F716F61CCF00DA56EF /* FitsbyRegistrationOnboardViewController.h */ = {isa = PBXFileReference; fileEncoding = 4; lastKnownFileType = sourcecode.c.h; path = FitsbyRegistrationOnboardViewController.h; sourceTree = "<group>"; };
		F2A3C2F816F61CD000DA56EF /* FitsbyRegistrationOnboardViewController.m */ = {isa = PBXFileReference; fileEncoding = 4; lastKnownFileType = sourcecode.c.objc; path = FitsbyRegistrationOnboardViewController.m; sourceTree = "<group>"; };
		F2A3C30B16F8AB4D00DA56EF /* FitsbyChildViewController.h */ = {isa = PBXFileReference; fileEncoding = 4; lastKnownFileType = sourcecode.c.h; path = FitsbyChildViewController.h; sourceTree = "<group>"; };
		F2A3C30C16F8AB4D00DA56EF /* FitsbyChildViewController.m */ = {isa = PBXFileReference; fileEncoding = 4; lastKnownFileType = sourcecode.c.objc; path = FitsbyChildViewController.m; sourceTree = "<group>"; };
		F2A3C30D16F8AB4E00DA56EF /* FitsbyChildViewController.xib */ = {isa = PBXFileReference; fileEncoding = 4; lastKnownFileType = file.xib; path = FitsbyChildViewController.xib; sourceTree = "<group>"; };
		F2A3C36E16FC9F4900DA56EF /* lock.png */ = {isa = PBXFileReference; lastKnownFileType = image.png; path = lock.png; sourceTree = "<group>"; };
		F2A3C37016FC9F5400DA56EF /* stripe_cards.png */ = {isa = PBXFileReference; lastKnownFileType = image.png; path = stripe_cards.png; sourceTree = "<group>"; };
		F2A3C37216FC9F6100DA56EF /* secure_payment_logo.png */ = {isa = PBXFileReference; lastKnownFileType = image.png; path = secure_payment_logo.png; sourceTree = "<group>"; };
		F2A3C37717032F7500DA56EF /* FitsbyPrivateGameViewController.h */ = {isa = PBXFileReference; fileEncoding = 4; lastKnownFileType = sourcecode.c.h; path = FitsbyPrivateGameViewController.h; sourceTree = SOURCE_ROOT; };
		F2A3C37817032F7500DA56EF /* FitsbyPrivateGameViewController.m */ = {isa = PBXFileReference; fileEncoding = 4; lastKnownFileType = sourcecode.c.objc; path = FitsbyPrivateGameViewController.m; sourceTree = SOURCE_ROOT; };
		F2A3C37A170334AD00DA56EF /* PrivateGameResponse.h */ = {isa = PBXFileReference; fileEncoding = 4; lastKnownFileType = sourcecode.c.h; path = PrivateGameResponse.h; sourceTree = "<group>"; };
		F2A3C37B170334AD00DA56EF /* PrivateGameResponse.m */ = {isa = PBXFileReference; fileEncoding = 4; lastKnownFileType = sourcecode.c.objc; path = PrivateGameResponse.m; sourceTree = "<group>"; };
		F2BA493316ED051200591B49 /* FitsbyDetailContainerViewController.h */ = {isa = PBXFileReference; fileEncoding = 4; lastKnownFileType = sourcecode.c.h; path = FitsbyDetailContainerViewController.h; sourceTree = "<group>"; };
		F2BA493416ED051200591B49 /* FitsbyDetailContainerViewController.m */ = {isa = PBXFileReference; fileEncoding = 4; lastKnownFileType = sourcecode.c.objc; path = FitsbyDetailContainerViewController.m; sourceTree = "<group>"; };
		F2BA493616EE4E8B00591B49 /* FitsbyCreateGameViewController.h */ = {isa = PBXFileReference; fileEncoding = 4; lastKnownFileType = sourcecode.c.h; path = FitsbyCreateGameViewController.h; sourceTree = "<group>"; };
		F2BA493716EE4E8B00591B49 /* FitsbyCreateGameViewController.m */ = {isa = PBXFileReference; fileEncoding = 4; lastKnownFileType = sourcecode.c.objc; path = FitsbyCreateGameViewController.m; sourceTree = "<group>"; };
		F2BA493916F0C23D00591B49 /* CreateGameResponse.h */ = {isa = PBXFileReference; fileEncoding = 4; lastKnownFileType = sourcecode.c.h; path = CreateGameResponse.h; sourceTree = "<group>"; };
		F2BA493A16F0C23D00591B49 /* CreateGameResponse.m */ = {isa = PBXFileReference; fileEncoding = 4; lastKnownFileType = sourcecode.c.objc; path = CreateGameResponse.m; sourceTree = "<group>"; };
		F2C0000016DAB5A600F869BB /* MyHttpClient.m */ = {isa = PBXFileReference; fileEncoding = 4; lastKnownFileType = sourcecode.c.objc; path = MyHttpClient.m; sourceTree = "<group>"; };
		F2C0000216DAF1CD00F869BB /* UserCommunication.h */ = {isa = PBXFileReference; fileEncoding = 4; lastKnownFileType = sourcecode.c.h; path = UserCommunication.h; sourceTree = "<group>"; };
		F2C0000316DAF1CD00F869BB /* UserCommunication.m */ = {isa = PBXFileReference; fileEncoding = 4; lastKnownFileType = sourcecode.c.objc; path = UserCommunication.m; sourceTree = "<group>"; };
		F2C0000616DDA18800F869BB /* User.h */ = {isa = PBXFileReference; fileEncoding = 4; lastKnownFileType = sourcecode.c.h; path = User.h; sourceTree = "<group>"; };
		F2C0000716DDA18800F869BB /* User.m */ = {isa = PBXFileReference; fileEncoding = 4; lastKnownFileType = sourcecode.c.objc; path = User.m; sourceTree = "<group>"; };
		F2C0000A16DDB7B700F869BB /* UserApplication.h */ = {isa = PBXFileReference; fileEncoding = 4; lastKnownFileType = sourcecode.c.h; path = UserApplication.h; sourceTree = "<group>"; };
		F2C0000B16DDB7B700F869BB /* UserApplication.m */ = {isa = PBXFileReference; fileEncoding = 4; lastKnownFileType = sourcecode.c.objc; path = UserApplication.m; sourceTree = "<group>"; };
		F2C0FF9D16D474F700F869BB /* Fitsby.app */ = {isa = PBXFileReference; explicitFileType = wrapper.application; includeInIndex = 0; path = Fitsby.app; sourceTree = BUILT_PRODUCTS_DIR; };
		F2C0FFA016D474F700F869BB /* UIKit.framework */ = {isa = PBXFileReference; lastKnownFileType = wrapper.framework; name = UIKit.framework; path = System/Library/Frameworks/UIKit.framework; sourceTree = SDKROOT; };
		F2C0FFA216D474F700F869BB /* Foundation.framework */ = {isa = PBXFileReference; lastKnownFileType = wrapper.framework; name = Foundation.framework; path = System/Library/Frameworks/Foundation.framework; sourceTree = SDKROOT; };
		F2C0FFA416D474F700F869BB /* CoreGraphics.framework */ = {isa = PBXFileReference; lastKnownFileType = wrapper.framework; name = CoreGraphics.framework; path = System/Library/Frameworks/CoreGraphics.framework; sourceTree = SDKROOT; };
		F2C0FFA816D474F700F869BB /* Fitsby-Info.plist */ = {isa = PBXFileReference; lastKnownFileType = text.plist.xml; path = "Fitsby-Info.plist"; sourceTree = "<group>"; };
		F2C0FFAA16D474F700F869BB /* en */ = {isa = PBXFileReference; lastKnownFileType = text.plist.strings; name = en; path = en.lproj/InfoPlist.strings; sourceTree = "<group>"; };
		F2C0FFAC16D474F700F869BB /* main.m */ = {isa = PBXFileReference; lastKnownFileType = sourcecode.c.objc; path = main.m; sourceTree = "<group>"; };
		F2C0FFAE16D474F700F869BB /* Fitsby-Prefix.pch */ = {isa = PBXFileReference; lastKnownFileType = sourcecode.c.h; path = "Fitsby-Prefix.pch"; sourceTree = "<group>"; };
		F2C0FFAF16D474F700F869BB /* FitsbyAppDelegate.h */ = {isa = PBXFileReference; lastKnownFileType = sourcecode.c.h; path = FitsbyAppDelegate.h; sourceTree = "<group>"; };
		F2C0FFB016D474F700F869BB /* FitsbyAppDelegate.m */ = {isa = PBXFileReference; lastKnownFileType = sourcecode.c.objc; path = FitsbyAppDelegate.m; sourceTree = "<group>"; };
		F2C0FFB216D474F700F869BB /* Default.png */ = {isa = PBXFileReference; lastKnownFileType = image.png; path = Default.png; sourceTree = "<group>"; };
		F2C0FFB416D474F700F869BB /* Default@2x.png */ = {isa = PBXFileReference; lastKnownFileType = image.png; path = "Default@2x.png"; sourceTree = "<group>"; };
		F2C0FFB616D474F700F869BB /* Default-568h@2x.png */ = {isa = PBXFileReference; lastKnownFileType = image.png; path = "Default-568h@2x.png"; sourceTree = "<group>"; };
		F2C0FFB916D474F700F869BB /* en */ = {isa = PBXFileReference; lastKnownFileType = file.storyboard; name = en; path = en.lproj/MainStoryboard.storyboard; sourceTree = "<group>"; };
		F2C0FFBB16D474F700F869BB /* FitsbyMasterViewController.h */ = {isa = PBXFileReference; lastKnownFileType = sourcecode.c.h; path = FitsbyMasterViewController.h; sourceTree = "<group>"; };
		F2C0FFBC16D474F700F869BB /* FitsbyMasterViewController.m */ = {isa = PBXFileReference; lastKnownFileType = sourcecode.c.objc; path = FitsbyMasterViewController.m; sourceTree = "<group>"; };
		F2C0FFBE16D474F700F869BB /* FitsbyDetailViewController.h */ = {isa = PBXFileReference; lastKnownFileType = sourcecode.c.h; path = FitsbyDetailViewController.h; sourceTree = "<group>"; };
		F2C0FFBF16D474F700F869BB /* FitsbyDetailViewController.m */ = {isa = PBXFileReference; lastKnownFileType = sourcecode.c.objc; path = FitsbyDetailViewController.m; sourceTree = "<group>"; };
		F2C0FFEF16D476FA00F869BB /* LandingViewController.h */ = {isa = PBXFileReference; fileEncoding = 4; lastKnownFileType = sourcecode.c.h; path = LandingViewController.h; sourceTree = "<group>"; };
		F2C0FFF016D476FA00F869BB /* LandingViewController.m */ = {isa = PBXFileReference; fileEncoding = 4; lastKnownFileType = sourcecode.c.objc; path = LandingViewController.m; sourceTree = "<group>"; };
		F2C0FFF816D7237000F869BB /* FitsbyLoginViewController.h */ = {isa = PBXFileReference; fileEncoding = 4; lastKnownFileType = sourcecode.c.h; path = FitsbyLoginViewController.h; sourceTree = "<group>"; };
		F2C0FFF916D7237000F869BB /* FitsbyLoginViewController.m */ = {isa = PBXFileReference; fileEncoding = 4; lastKnownFileType = sourcecode.c.objc; path = FitsbyLoginViewController.m; sourceTree = "<group>"; };
		F2C0FFFB16DAAA0800F869BB /* FitsbyRegisterViewController.h */ = {isa = PBXFileReference; fileEncoding = 4; lastKnownFileType = sourcecode.c.h; path = FitsbyRegisterViewController.h; sourceTree = "<group>"; };
		F2C0FFFC16DAAA0800F869BB /* FitsbyRegisterViewController.m */ = {isa = PBXFileReference; fileEncoding = 4; lastKnownFileType = sourcecode.c.objc; path = FitsbyRegisterViewController.m; sourceTree = "<group>"; };
		F2C0FFFF16DAB5A600F869BB /* MyHttpClient.h */ = {isa = PBXFileReference; fileEncoding = 4; lastKnownFileType = sourcecode.c.h; path = MyHttpClient.h; sourceTree = "<group>"; };
		F2EA227A16DFA9A700B8918E /* StatusResponse.h */ = {isa = PBXFileReference; fileEncoding = 4; lastKnownFileType = sourcecode.c.h; path = StatusResponse.h; sourceTree = "<group>"; };
		F2EA227B16DFA9A700B8918E /* StatusResponse.m */ = {isa = PBXFileReference; fileEncoding = 4; lastKnownFileType = sourcecode.c.objc; path = StatusResponse.m; sourceTree = "<group>"; };
		F2EA227D16E0F54000B8918E /* UserResponse.h */ = {isa = PBXFileReference; fileEncoding = 4; lastKnownFileType = sourcecode.c.h; path = UserResponse.h; sourceTree = "<group>"; };
		F2EA227E16E0F54000B8918E /* UserResponse.m */ = {isa = PBXFileReference; fileEncoding = 4; lastKnownFileType = sourcecode.c.objc; path = UserResponse.m; sourceTree = "<group>"; };
		F2EA228416E2891A00B8918E /* JoinPublicGameCell.h */ = {isa = PBXFileReference; fileEncoding = 4; lastKnownFileType = sourcecode.c.h; path = JoinPublicGameCell.h; sourceTree = "<group>"; };
		F2EA228516E2891A00B8918E /* JoinPublicGameCell.m */ = {isa = PBXFileReference; fileEncoding = 4; lastKnownFileType = sourcecode.c.objc; path = JoinPublicGameCell.m; sourceTree = "<group>"; };
		F2EA228716E28FFE00B8918E /* Game.h */ = {isa = PBXFileReference; fileEncoding = 4; lastKnownFileType = sourcecode.c.h; path = Game.h; sourceTree = "<group>"; };
		F2EA228816E28FFE00B8918E /* Game.m */ = {isa = PBXFileReference; fileEncoding = 4; lastKnownFileType = sourcecode.c.objc; path = Game.m; sourceTree = "<group>"; };
		F2EA228A16E2922200B8918E /* GameCommunication.h */ = {isa = PBXFileReference; fileEncoding = 4; lastKnownFileType = sourcecode.c.h; path = GameCommunication.h; sourceTree = "<group>"; };
		F2EA228B16E2922200B8918E /* GameCommunication.m */ = {isa = PBXFileReference; fileEncoding = 4; lastKnownFileType = sourcecode.c.objc; path = GameCommunication.m; sourceTree = "<group>"; };
		F2EA229016E293AE00B8918E /* PublicGamesResponse.h */ = {isa = PBXFileReference; fileEncoding = 4; lastKnownFileType = sourcecode.c.h; path = PublicGamesResponse.h; sourceTree = "<group>"; };
		F2EA229116E293AE00B8918E /* PublicGamesResponse.m */ = {isa = PBXFileReference; fileEncoding = 4; lastKnownFileType = sourcecode.c.objc; path = PublicGamesResponse.m; sourceTree = "<group>"; };
/* End PBXFileReference section */

/* Begin PBXFrameworksBuildPhase section */
		F2C0FF9A16D474F700F869BB /* Frameworks */ = {
			isa = PBXFrameworksBuildPhase;
			buildActionMask = 2147483647;
			files = (
				F2C0FFA116D474F700F869BB /* UIKit.framework in Frameworks */,
				F2C0FFA316D474F700F869BB /* Foundation.framework in Frameworks */,
				F2C0FFA516D474F700F869BB /* CoreGraphics.framework in Frameworks */,
			);
			runOnlyForDeploymentPostprocessing = 0;
		};
/* End PBXFrameworksBuildPhase section */

/* Begin PBXGroup section */
		F2A3C2E916F6140900DA56EF /* Resources */ = {
			isa = PBXGroup;
			children = (
				F2A3C2EA16F6141B00DA56EF /* Images */,
			);
			name = Resources;
			sourceTree = "<group>";
		};
		F2A3C2EA16F6141B00DA56EF /* Images */ = {
			isa = PBXGroup;
			children = (
				F2A3C37016FC9F5400DA56EF /* stripe_cards.png */,
				F2A3C36E16FC9F4900DA56EF /* lock.png */,
				F2A3C37216FC9F6100DA56EF /* secure_payment_logo.png */,
				F2A3C2ED16F61C0D00DA56EF /* registration_onboard1.png */,
				F2A3C2EF16F61C1300DA56EF /* registration_onboard2.png */,
				F2A3C2F116F61C1900DA56EF /* registration_onboard3.png */,
				F2A3C2F316F61C1E00DA56EF /* registration_onboard4.png */,
				F2A3C2F516F61C2600DA56EF /* registration_onboard5.png */,
				F2A3C2EB16F6143200DA56EF /* logo_text.png */,
			);
			name = Images;
			sourceTree = "<group>";
		};
		F2C0000516DD022500F869BB /* Models */ = {
			isa = PBXGroup;
			children = (
				F2C0000616DDA18800F869BB /* User.h */,
				F2C0000716DDA18800F869BB /* User.m */,
				F2EA228716E28FFE00B8918E /* Game.h */,
				F2EA228816E28FFE00B8918E /* Game.m */,
			);
			name = Models;
			sourceTree = "<group>";
		};
		F2C0000916DDB79100F869BB /* Application Sublcass */ = {
			isa = PBXGroup;
			children = (
				F2C0000A16DDB7B700F869BB /* UserApplication.h */,
				F2C0000B16DDB7B700F869BB /* UserApplication.m */,
			);
			name = "Application Sublcass";
			sourceTree = "<group>";
		};
		F2C0FF9416D474F700F869BB = {
			isa = PBXGroup;
			children = (
				F2C0FFA616D474F700F869BB /* Fitsby */,
				F2C0FF9F16D474F700F869BB /* Frameworks */,
				F2C0FF9E16D474F700F869BB /* Products */,
			);
			sourceTree = "<group>";
		};
		F2C0FF9E16D474F700F869BB /* Products */ = {
			isa = PBXGroup;
			children = (
				F2C0FF9D16D474F700F869BB /* Fitsby.app */,
			);
			name = Products;
			sourceTree = "<group>";
		};
		F2C0FF9F16D474F700F869BB /* Frameworks */ = {
			isa = PBXGroup;
			children = (
				F2C0FFA016D474F700F869BB /* UIKit.framework */,
				F2C0FFA216D474F700F869BB /* Foundation.framework */,
				F2C0FFA416D474F700F869BB /* CoreGraphics.framework */,
			);
			name = Frameworks;
			sourceTree = "<group>";
		};
		F2C0FFA616D474F700F869BB /* Fitsby */ = {
			isa = PBXGroup;
			children = (
				F2A3C2E916F6140900DA56EF /* Resources */,
				F2EA228016E2882000B8918E /* TableCells */,
				F2EA227916DFA97A00B8918E /* Responses */,
				F2C0000916DDB79100F869BB /* Application Sublcass */,
				F2C0000516DD022500F869BB /* Models */,
				F2C0FFFE16DAB45800F869BB /* NetworkControllers */,
				F2C0FFF816D7237000F869BB /* FitsbyLoginViewController.h */,
				F2C0FFF916D7237000F869BB /* FitsbyLoginViewController.m */,
				F2A3C37717032F7500DA56EF /* FitsbyPrivateGameViewController.h */,
				F2A3C37817032F7500DA56EF /* FitsbyPrivateGameViewController.m */,
				F2C0FFFB16DAAA0800F869BB /* FitsbyRegisterViewController.h */,
				F2C0FFFC16DAAA0800F869BB /* FitsbyRegisterViewController.m */,
				F2C0FFEF16D476FA00F869BB /* LandingViewController.h */,
				F2C0FFF016D476FA00F869BB /* LandingViewController.m */,
				F2C0FFAF16D474F700F869BB /* FitsbyAppDelegate.h */,
				F2C0FFB016D474F700F869BB /* FitsbyAppDelegate.m */,
				F2C0FFB816D474F700F869BB /* MainStoryboard.storyboard */,
				F2A3C30B16F8AB4D00DA56EF /* FitsbyChildViewController.h */,
				F2A3C30C16F8AB4D00DA56EF /* FitsbyChildViewController.m */,
				F2A3C30D16F8AB4E00DA56EF /* FitsbyChildViewController.xib */,
				F2BA493316ED051200591B49 /* FitsbyDetailContainerViewController.h */,
				F2BA493416ED051200591B49 /* FitsbyDetailContainerViewController.m */,
				F2BA493616EE4E8B00591B49 /* FitsbyCreateGameViewController.h */,
				F2BA493716EE4E8B00591B49 /* FitsbyCreateGameViewController.m */,
				F2C0FFBB16D474F700F869BB /* FitsbyMasterViewController.h */,
				F2C0FFBC16D474F700F869BB /* FitsbyMasterViewController.m */,
				F2C0FFBE16D474F700F869BB /* FitsbyDetailViewController.h */,
				F2C0FFBF16D474F700F869BB /* FitsbyDetailViewController.m */,
				F2A3C2E616F359D800DA56EF /* FitsbyCreditCardViewController.h */,
				F2A3C2E716F359D800DA56EF /* FitsbyCreditCardViewController.m */,
				F2A3C2F716F61CCF00DA56EF /* FitsbyRegistrationOnboardViewController.h */,
				F2A3C2F816F61CD000DA56EF /* FitsbyRegistrationOnboardViewController.m */,
				F2C0FFA716D474F700F869BB /* Supporting Files */,
			);
			path = Fitsby;
			sourceTree = "<group>";
		};
		F2C0FFA716D474F700F869BB /* Supporting Files */ = {
			isa = PBXGroup;
			children = (
				F2C0FFA816D474F700F869BB /* Fitsby-Info.plist */,
				F2C0FFA916D474F700F869BB /* InfoPlist.strings */,
				F2C0FFAC16D474F700F869BB /* main.m */,
				F2C0FFAE16D474F700F869BB /* Fitsby-Prefix.pch */,
				F2C0FFB216D474F700F869BB /* Default.png */,
				F2C0FFB416D474F700F869BB /* Default@2x.png */,
				F2C0FFB616D474F700F869BB /* Default-568h@2x.png */,
			);
			name = "Supporting Files";
			sourceTree = "<group>";
		};
		F2C0FFFE16DAB45800F869BB /* NetworkControllers */ = {
			isa = PBXGroup;
			children = (
				F2C0FFFF16DAB5A600F869BB /* MyHttpClient.h */,
				F2C0000016DAB5A600F869BB /* MyHttpClient.m */,
				F2C0000216DAF1CD00F869BB /* UserCommunication.h */,
				F2C0000316DAF1CD00F869BB /* UserCommunication.m */,
				F2EA228A16E2922200B8918E /* GameCommunication.h */,
				F2EA228B16E2922200B8918E /* GameCommunication.m */,
				F249EF4816E4EC00007DB593 /* GravatarHelper.h */,
				F249EF4916E4EC00007DB593 /* GravatarHelper.m */,
			);
			name = NetworkControllers;
			sourceTree = "<group>";
		};
		F2EA227916DFA97A00B8918E /* Responses */ = {
			isa = PBXGroup;
			children = (
				F2EA227A16DFA9A700B8918E /* StatusResponse.h */,
				F2EA227B16DFA9A700B8918E /* StatusResponse.m */,
				F2EA227D16E0F54000B8918E /* UserResponse.h */,
				F2EA227E16E0F54000B8918E /* UserResponse.m */,
				F2EA229016E293AE00B8918E /* PublicGamesResponse.h */,
				F2EA229116E293AE00B8918E /* PublicGamesResponse.m */,
				F2BA493916F0C23D00591B49 /* CreateGameResponse.h */,
				F2BA493A16F0C23D00591B49 /* CreateGameResponse.m */,
				F2A3C37A170334AD00DA56EF /* PrivateGameResponse.h */,
				F2A3C37B170334AD00DA56EF /* PrivateGameResponse.m */,
			);
			name = Responses;
			sourceTree = "<group>";
		};
		F2EA228016E2882000B8918E /* TableCells */ = {
			isa = PBXGroup;
			children = (
				F2EA228416E2891A00B8918E /* JoinPublicGameCell.h */,
				F2EA228516E2891A00B8918E /* JoinPublicGameCell.m */,
			);
			name = TableCells;
			sourceTree = "<group>";
		};
/* End PBXGroup section */

/* Begin PBXNativeTarget section */
		F2C0FF9C16D474F700F869BB /* Fitsby */ = {
			isa = PBXNativeTarget;
			buildConfigurationList = F2C0FFC316D474F700F869BB /* Build configuration list for PBXNativeTarget "Fitsby" */;
			buildPhases = (
				F2C0FF9916D474F700F869BB /* Sources */,
				F2C0FF9A16D474F700F869BB /* Frameworks */,
				F2C0FF9B16D474F700F869BB /* Resources */,
			);
			buildRules = (
			);
			dependencies = (
			);
			name = Fitsby;
			productName = Fitsby;
			productReference = F2C0FF9D16D474F700F869BB /* Fitsby.app */;
			productType = "com.apple.product-type.application";
		};
/* End PBXNativeTarget section */

/* Begin PBXProject section */
		F2C0FF9516D474F700F869BB /* Project object */ = {
			isa = PBXProject;
			attributes = {
				CLASSPREFIX = Fitsby;
				LastUpgradeCheck = 0460;
				ORGANIZATIONNAME = Fitsby;
			};
			buildConfigurationList = F2C0FF9816D474F700F869BB /* Build configuration list for PBXProject "Fitsby" */;
			compatibilityVersion = "Xcode 3.2";
			developmentRegion = English;
			hasScannedForEncodings = 0;
			knownRegions = (
				en,
			);
			mainGroup = F2C0FF9416D474F700F869BB;
			productRefGroup = F2C0FF9E16D474F700F869BB /* Products */;
			projectDirPath = "";
			projectRoot = "";
			targets = (
				F2C0FF9C16D474F700F869BB /* Fitsby */,
			);
		};
/* End PBXProject section */

/* Begin PBXResourcesBuildPhase section */
		F2C0FF9B16D474F700F869BB /* Resources */ = {
			isa = PBXResourcesBuildPhase;
			buildActionMask = 2147483647;
			files = (
				F2C0FFAB16D474F700F869BB /* InfoPlist.strings in Resources */,
				F2C0FFB316D474F700F869BB /* Default.png in Resources */,
				F2C0FFB516D474F700F869BB /* Default@2x.png in Resources */,
				F2C0FFB716D474F700F869BB /* Default-568h@2x.png in Resources */,
				F2C0FFBA16D474F700F869BB /* MainStoryboard.storyboard in Resources */,
				F2A3C2EC16F6143200DA56EF /* logo_text.png in Resources */,
				F2A3C2EE16F61C0D00DA56EF /* registration_onboard1.png in Resources */,
				F2A3C2F016F61C1300DA56EF /* registration_onboard2.png in Resources */,
				F2A3C2F216F61C1900DA56EF /* registration_onboard3.png in Resources */,
				F2A3C2F416F61C1E00DA56EF /* registration_onboard4.png in Resources */,
				F2A3C2F616F61C2600DA56EF /* registration_onboard5.png in Resources */,
				F2A3C30F16F8AB4E00DA56EF /* FitsbyChildViewController.xib in Resources */,
				F2A3C36F16FC9F4900DA56EF /* lock.png in Resources */,
				F2A3C37116FC9F5400DA56EF /* stripe_cards.png in Resources */,
				F2A3C37316FC9F6100DA56EF /* secure_payment_logo.png in Resources */,
			);
			runOnlyForDeploymentPostprocessing = 0;
		};
/* End PBXResourcesBuildPhase section */

/* Begin PBXSourcesBuildPhase section */
		F2C0FF9916D474F700F869BB /* Sources */ = {
			isa = PBXSourcesBuildPhase;
			buildActionMask = 2147483647;
			files = (
				F2C0FFAD16D474F700F869BB /* main.m in Sources */,
				F2C0FFB116D474F700F869BB /* FitsbyAppDelegate.m in Sources */,
				F2C0FFBD16D474F700F869BB /* FitsbyMasterViewController.m in Sources */,
				F2C0FFC016D474F700F869BB /* FitsbyDetailViewController.m in Sources */,
				F2C0FFF116D476FA00F869BB /* LandingViewController.m in Sources */,
				F2C0FFFA16D7237000F869BB /* FitsbyLoginViewController.m in Sources */,
				F2C0FFFD16DAAA0800F869BB /* FitsbyRegisterViewController.m in Sources */,
				F2C0000116DAB5A600F869BB /* MyHttpClient.m in Sources */,
				F2C0000416DAF1CD00F869BB /* UserCommunication.m in Sources */,
				F2C0000816DDA18800F869BB /* User.m in Sources */,
				F2C0000C16DDB7B700F869BB /* UserApplication.m in Sources */,
				F2EA227C16DFA9A700B8918E /* StatusResponse.m in Sources */,
				F2EA227F16E0F54000B8918E /* UserResponse.m in Sources */,
				F2EA228616E2891A00B8918E /* JoinPublicGameCell.m in Sources */,
				F2EA228916E28FFE00B8918E /* Game.m in Sources */,
				F2EA228C16E2922200B8918E /* GameCommunication.m in Sources */,
				F2EA229216E293AE00B8918E /* PublicGamesResponse.m in Sources */,
				F249EF4A16E4EC00007DB593 /* GravatarHelper.m in Sources */,
				F2BA493516ED051200591B49 /* FitsbyDetailContainerViewController.m in Sources */,
				F2BA493816EE4E8B00591B49 /* FitsbyCreateGameViewController.m in Sources */,
				F2BA493B16F0C23D00591B49 /* CreateGameResponse.m in Sources */,
				F2A3C2E816F359D800DA56EF /* FitsbyCreditCardViewController.m in Sources */,
				F2A3C2F916F61CD000DA56EF /* FitsbyRegistrationOnboardViewController.m in Sources */,
				F2A3C30E16F8AB4E00DA56EF /* FitsbyChildViewController.m in Sources */,
				F2A3C37917032F7500DA56EF /* FitsbyPrivateGameViewController.m in Sources */,
				F2A3C37C170334AD00DA56EF /* PrivateGameResponse.m in Sources */,
			);
			runOnlyForDeploymentPostprocessing = 0;
		};
/* End PBXSourcesBuildPhase section */

/* Begin PBXVariantGroup section */
		F2C0FFA916D474F700F869BB /* InfoPlist.strings */ = {
			isa = PBXVariantGroup;
			children = (
				F2C0FFAA16D474F700F869BB /* en */,
			);
			name = InfoPlist.strings;
			sourceTree = "<group>";
		};
		F2C0FFB816D474F700F869BB /* MainStoryboard.storyboard */ = {
			isa = PBXVariantGroup;
			children = (
				F2C0FFB916D474F700F869BB /* en */,
			);
			name = MainStoryboard.storyboard;
			sourceTree = "<group>";
		};
/* End PBXVariantGroup section */

/* Begin XCBuildConfiguration section */
		F2C0FFC116D474F700F869BB /* Debug */ = {
			isa = XCBuildConfiguration;
			buildSettings = {
				ALWAYS_SEARCH_USER_PATHS = NO;
				CLANG_CXX_LANGUAGE_STANDARD = "gnu++0x";
				CLANG_CXX_LIBRARY = "libc++";
				CLANG_ENABLE_OBJC_ARC = YES;
				CLANG_WARN_CONSTANT_CONVERSION = YES;
				CLANG_WARN_EMPTY_BODY = YES;
				CLANG_WARN_ENUM_CONVERSION = YES;
				CLANG_WARN_INT_CONVERSION = YES;
				CLANG_WARN__DUPLICATE_METHOD_MATCH = YES;
				"CODE_SIGN_IDENTITY[sdk=iphoneos*]" = "iPhone Developer";
				COPY_PHASE_STRIP = NO;
				GCC_C_LANGUAGE_STANDARD = gnu99;
				GCC_DYNAMIC_NO_PIC = NO;
				GCC_OPTIMIZATION_LEVEL = 0;
				GCC_PREPROCESSOR_DEFINITIONS = (
					"DEBUG=1",
					"$(inherited)",
				);
				GCC_SYMBOLS_PRIVATE_EXTERN = NO;
				GCC_WARN_ABOUT_RETURN_TYPE = YES;
				GCC_WARN_UNINITIALIZED_AUTOS = YES;
				GCC_WARN_UNUSED_VARIABLE = YES;
				IPHONEOS_DEPLOYMENT_TARGET = 6.1;
				ONLY_ACTIVE_ARCH = YES;
				SDKROOT = iphoneos;
			};
			name = Debug;
		};
		F2C0FFC216D474F700F869BB /* Release */ = {
			isa = XCBuildConfiguration;
			buildSettings = {
				ALWAYS_SEARCH_USER_PATHS = NO;
				CLANG_CXX_LANGUAGE_STANDARD = "gnu++0x";
				CLANG_CXX_LIBRARY = "libc++";
				CLANG_ENABLE_OBJC_ARC = YES;
				CLANG_WARN_CONSTANT_CONVERSION = YES;
				CLANG_WARN_EMPTY_BODY = YES;
				CLANG_WARN_ENUM_CONVERSION = YES;
				CLANG_WARN_INT_CONVERSION = YES;
				CLANG_WARN__DUPLICATE_METHOD_MATCH = YES;
				"CODE_SIGN_IDENTITY[sdk=iphoneos*]" = "iPhone Developer";
				COPY_PHASE_STRIP = YES;
				GCC_C_LANGUAGE_STANDARD = gnu99;
				GCC_WARN_ABOUT_RETURN_TYPE = YES;
				GCC_WARN_UNINITIALIZED_AUTOS = YES;
				GCC_WARN_UNUSED_VARIABLE = YES;
				IPHONEOS_DEPLOYMENT_TARGET = 6.1;
				OTHER_CFLAGS = "-DNS_BLOCK_ASSERTIONS=1";
				SDKROOT = iphoneos;
				VALIDATE_PRODUCT = YES;
			};
			name = Release;
		};
		F2C0FFC416D474F700F869BB /* Debug */ = {
			isa = XCBuildConfiguration;
			buildSettings = {
				GCC_PRECOMPILE_PREFIX_HEADER = YES;
				GCC_PREFIX_HEADER = "Fitsby/Fitsby-Prefix.pch";
				INFOPLIST_FILE = "Fitsby/Fitsby-Info.plist";
				PRODUCT_NAME = "$(TARGET_NAME)";
				WRAPPER_EXTENSION = app;
			};
			name = Debug;
		};
		F2C0FFC516D474F700F869BB /* Release */ = {
			isa = XCBuildConfiguration;
			buildSettings = {
				GCC_PRECOMPILE_PREFIX_HEADER = YES;
				GCC_PREFIX_HEADER = "Fitsby/Fitsby-Prefix.pch";
				INFOPLIST_FILE = "Fitsby/Fitsby-Info.plist";
				PRODUCT_NAME = "$(TARGET_NAME)";
				WRAPPER_EXTENSION = app;
			};
			name = Release;
		};
/* End XCBuildConfiguration section */

/* Begin XCConfigurationList section */
		F2C0FF9816D474F700F869BB /* Build configuration list for PBXProject "Fitsby" */ = {
			isa = XCConfigurationList;
			buildConfigurations = (
				F2C0FFC116D474F700F869BB /* Debug */,
				F2C0FFC216D474F700F869BB /* Release */,
			);
			defaultConfigurationIsVisible = 0;
			defaultConfigurationName = Release;
		};
		F2C0FFC316D474F700F869BB /* Build configuration list for PBXNativeTarget "Fitsby" */ = {
			isa = XCConfigurationList;
			buildConfigurations = (
				F2C0FFC416D474F700F869BB /* Debug */,
				F2C0FFC516D474F700F869BB /* Release */,
			);
			defaultConfigurationIsVisible = 0;
			defaultConfigurationName = Release;
		};
/* End XCConfigurationList section */
	};
	rootObject = F2C0FF9516D474F700F869BB /* Project object */;
}
